{
  "name": "egg-validate-parse",
  "version": "1.0.0",
  "lockfileVersion": 1,
  "requires": true,
  "dependencies": {
    "autod": {
      "version": "2.8.0",
      "resolved": "https://registry.npmjs.org/autod/-/autod-2.8.0.tgz",
      "integrity": "sha1-m3f97O8sU+ghZu+GutTrZl2eGhw=",
      "dev": true
    },
    "autod-egg": {
      "version": "1.0.0",
      "resolved": "https://registry.npmjs.org/autod-egg/-/autod-egg-1.0.0.tgz",
      "integrity": "sha1-r1DskbbbHn1Smrd8df9Bti71whs=",
      "dev": true
    },
    "egg": {
      "version": "1.6.1",
      "resolved": "https://registry.npmjs.org/egg/-/egg-1.6.1.tgz",
      "integrity": "sha512-KQCl1gwzK0vB0DG/42zNQLDOA1fP3LLOdJuBpR6OE4J+wnEl7oshstCNZYaguTjCFSF+aIplWBrjq/g0w4/F3w==",
      "dev": true
    },
    "egg-bin": {
      "version": "3.7.0",
      "resolved": "https://registry.npmjs.org/egg-bin/-/egg-bin-3.7.0.tgz",
      "integrity": "sha512-KM/sq5ZrM8eGYYepp19sx6A4rCJ1+xYl2FbJqa/kniL2Teu9fLi3jzTclMu3NI0JZRqcCZYVnDsWK+q89jT9ig==",
      "dev": true,
      "dependencies": {
        "commander": {
          "version": "2.9.0",
          "resolved": "https://registry.npmjs.org/commander/-/commander-2.9.0.tgz",
          "integrity": "sha1-nJkJQXbhIkDLItbFFGCYQA/g99Q="
        },
        "glob": {
          "version": "7.1.1",
          "resolved": "https://registry.npmjs.org/glob/-/glob-7.1.1.tgz",
          "integrity": "sha1-gFIR3wT6rxxjo2ADBs31reULLsg="
        },
        "mocha": {
          "version": "3.4.2",
          "resolved": "https://registry.npmjs.org/mocha/-/mocha-3.4.2.tgz",
          "integrity": "sha1-0O9NMyEm2/GNDWQMmzgt1IvpdZQ=",
          "dependencies": {
            "debug": {
              "version": "2.6.0",
              "resolved": "https://registry.npmjs.org/debug/-/debug-2.6.0.tgz",
              "integrity": "sha1-vFlryr52F/Edn6FTYe3tVgi4SZs="
            }
          }
        },
        "ms": {
          "version": "0.7.2",
          "resolved": "https://registry.npmjs.org/ms/-/ms-0.7.2.tgz",
          "integrity": "sha1-riXPJRKziFodldfwN4aNhDESR2U="
        },
        "supports-color": {
          "version": "3.1.2",
          "resolved": "https://registry.npmjs.org/supports-color/-/supports-color-3.1.2.tgz",
          "integrity": "sha1-cqJiiU2dQIuVbKBf83su2KbiotU="
        }
      }
    },
    "egg-ci": {
      "version": "1.8.0",
      "resolved": "https://registry.npmjs.org/egg-ci/-/egg-ci-1.8.0.tgz",
      "integrity": "sha512-osdfl5mpGfINK7ZVj971p5lCEs7CSDw8+vanIMzqXS4+K76TCbxJ9z+quXLRjiNLWos1cSrcaLeLOJWfMBFFRA==",
      "dev": true
    },
    "egg-mock": {
      "version": "3.8.0",
      "resolved": "https://registry.npmjs.org/egg-mock/-/egg-mock-3.8.0.tgz",
      "integrity": "sha512-iGeeprpgHMV601VsyLVF6GctHRoFq4wIAlJIzZATuP4LvlFGlJ8WLXje4EX/aqe4vT7ODZurA+1R1CqIN3irlQ==",
      "dev": true
    },
    "eslint": {
      "version": "3.19.0",
      "resolved": "https://registry.npmjs.org/eslint/-/eslint-3.19.0.tgz",
      "integrity": "sha1-yPxiAcf0DdCJQbh8CFdnOGpnmsw=",
      "dev": true
    },
    "eslint-config-egg": {
      "version": "4.2.1",
      "resolved": "https://registry.npmjs.org/eslint-config-egg/-/eslint-config-egg-4.2.1.tgz",
      "integrity": "sha512-CX2NbUm1E/qOIUhRQVjmMhhF3f2ueweIBF6xG83PDxbKL6qiD+ud+kWTtl1MTX+Jq2TAiWtA1/bqttLTDCiVeA==",
      "dev": true
    },
    "parameter": {
      "version": "2.2.0",
      "resolved": "https://registry.npmjs.org/parameter/-/parameter-2.2.0.tgz",
      "integrity": "sha512-Qc763JtsvPFsxh2iGE5m6ve9NNG8Afe2nt3/MRG5cXuYFTI1wuTg2ljS1iXuQPaKxKhPsJ7ZRrCblYfQNMVOMQ=="
    },
    "supertest": {
      "version": "3.0.0",
      "resolved": "https://registry.npmjs.org/supertest/-/supertest-3.0.0.tgz",
      "integrity": "sha1-jUu2j9GDDuBwM7HFpamkAhyWUpY=",
      "dev": true
    },
    "webstorm-disable-index": {
      "version": "1.2.0",
      "resolved": "https://registry.npmjs.org/webstorm-disable-index/-/webstorm-disable-index-1.2.0.tgz",
      "integrity": "sha1-A9VavgWv80pq8St7/dyu4UXGS9A=",
      "dev": true
    }
  }
}
